// !$*UTF8*$!
{
	archiveVersion = 1;
	classes = {
	};
	objectVersion = 50;
	objects = {

/* Begin PBXBuildFile section */
		D830713D2441FA5300286FE4 /* MyTabBarController.swift in Sources */ = {isa = PBXBuildFile; fileRef = D830713C2441FA5300286FE4 /* MyTabBarController.swift */; };
		D830713F244208B300286FE4 /* ThirdViewController.swift in Sources */ = {isa = PBXBuildFile; fileRef = D830713E244208B300286FE4 /* ThirdViewController.swift */; };
		D8486D98245493FD007F6C87 /* Attestation.pdf in Resources */ = {isa = PBXBuildFile; fileRef = D8486D97245493FD007F6C87 /* Attestation.pdf */; };
		D854D5592442174200C25CBF /* Travail.png in Resources */ = {isa = PBXBuildFile; fileRef = D854D5582442174200C25CBF /* Travail.png */; };
		D854D55B2442195C00C25CBF /* Judiciaire.png in Resources */ = {isa = PBXBuildFile; fileRef = D854D55A2442195C00C25CBF /* Judiciaire.png */; };
		D854D55D24421A2100C25CBF /* Mission.png in Resources */ = {isa = PBXBuildFile; fileRef = D854D55C24421A2100C25CBF /* Mission.png */; };
		D87B1B722441BB6F002E95CF /* AppDelegate.swift in Sources */ = {isa = PBXBuildFile; fileRef = D87B1B712441BB6F002E95CF /* AppDelegate.swift */; };
		D87B1B742441BB6F002E95CF /* SceneDelegate.swift in Sources */ = {isa = PBXBuildFile; fileRef = D87B1B732441BB6F002E95CF /* SceneDelegate.swift */; };
		D87B1B762441BB6F002E95CF /* FirstViewController.swift in Sources */ = {isa = PBXBuildFile; fileRef = D87B1B752441BB6F002E95CF /* FirstViewController.swift */; };
		D87B1B782441BB6F002E95CF /* SecondViewController.swift in Sources */ = {isa = PBXBuildFile; fileRef = D87B1B772441BB6F002E95CF /* SecondViewController.swift */; };
		D87B1B7B2441BB6F002E95CF /* Main.storyboard in Resources */ = {isa = PBXBuildFile; fileRef = D87B1B792441BB6F002E95CF /* Main.storyboard */; };
		D87B1B7D2441BB74002E95CF /* Assets.xcassets in Resources */ = {isa = PBXBuildFile; fileRef = D87B1B7C2441BB74002E95CF /* Assets.xcassets */; };
		D87B1B802441BB74002E95CF /* LaunchScreen.storyboard in Resources */ = {isa = PBXBuildFile; fileRef = D87B1B7E2441BB74002E95CF /* LaunchScreen.storyboard */; };
		D8F70CED2441C4FA00DF7A40 /* Santé.png in Resources */ = {isa = PBXBuildFile; fileRef = D8F70CE82441C4FA00DF7A40 /* Santé.png */; };
		D8F70CEE2441C4FA00DF7A40 /* Sport.png in Resources */ = {isa = PBXBuildFile; fileRef = D8F70CE92441C4FA00DF7A40 /* Sport.png */; };
		D8F70CEF2441C4FA00DF7A40 /* Famille.png in Resources */ = {isa = PBXBuildFile; fileRef = D8F70CEA2441C4FA00DF7A40 /* Famille.png */; };
		D8F70CF12441C4FA00DF7A40 /* Courses.png in Resources */ = {isa = PBXBuildFile; fileRef = D8F70CEC2441C4FA00DF7A40 /* Courses.png */; };
/* End PBXBuildFile section */

/* Begin PBXFileReference section */
		D830713C2441FA5300286FE4 /* MyTabBarController.swift */ = {isa = PBXFileReference; fileEncoding = 4; lastKnownFileType = sourcecode.swift; path = MyTabBarController.swift; sourceTree = "<group>"; };
		D830713E244208B300286FE4 /* ThirdViewController.swift */ = {isa = PBXFileReference; lastKnownFileType = sourcecode.swift; path = ThirdViewController.swift; sourceTree = "<group>"; };
		D8486D97245493FD007F6C87 /* Attestation.pdf */ = {isa = PBXFileReference; lastKnownFileType = image.pdf; path = Attestation.pdf; sourceTree = "<group>"; };
		D854D5582442174200C25CBF /* Travail.png */ = {isa = PBXFileReference; lastKnownFileType = image.png; path = Travail.png; sourceTree = "<group>"; };
		D854D55A2442195C00C25CBF /* Judiciaire.png */ = {isa = PBXFileReference; lastKnownFileType = image.png; path = Judiciaire.png; sourceTree = "<group>"; };
		D854D55C24421A2100C25CBF /* Mission.png */ = {isa = PBXFileReference; lastKnownFileType = image.png; path = Mission.png; sourceTree = "<group>"; };
		D87B1B6E2441BB6F002E95CF /* Attestation COVID.app */ = {isa = PBXFileReference; explicitFileType = wrapper.application; includeInIndex = 0; path = "Attestation COVID.app"; sourceTree = BUILT_PRODUCTS_DIR; };
		D87B1B712441BB6F002E95CF /* AppDelegate.swift */ = {isa = PBXFileReference; lastKnownFileType = sourcecode.swift; path = AppDelegate.swift; sourceTree = "<group>"; };
		D87B1B732441BB6F002E95CF /* SceneDelegate.swift */ = {isa = PBXFileReference; lastKnownFileType = sourcecode.swift; path = SceneDelegate.swift; sourceTree = "<group>"; };
		D87B1B752441BB6F002E95CF /* FirstViewController.swift */ = {isa = PBXFileReference; lastKnownFileType = sourcecode.swift; path = FirstViewController.swift; sourceTree = "<group>"; };
		D87B1B772441BB6F002E95CF /* SecondViewController.swift */ = {isa = PBXFileReference; lastKnownFileType = sourcecode.swift; path = SecondViewController.swift; sourceTree = "<group>"; };
		D87B1B7A2441BB6F002E95CF /* Base */ = {isa = PBXFileReference; lastKnownFileType = file.storyboard; name = Base; path = Base.lproj/Main.storyboard; sourceTree = "<group>"; };
		D87B1B7C2441BB74002E95CF /* Assets.xcassets */ = {isa = PBXFileReference; lastKnownFileType = folder.assetcatalog; path = Assets.xcassets; sourceTree = "<group>"; };
		D87B1B7F2441BB74002E95CF /* Base */ = {isa = PBXFileReference; lastKnownFileType = file.storyboard; name = Base; path = Base.lproj/LaunchScreen.storyboard; sourceTree = "<group>"; };
		D87B1B812441BB74002E95CF /* Info.plist */ = {isa = PBXFileReference; lastKnownFileType = text.plist.xml; path = Info.plist; sourceTree = "<group>"; };
		D8F70CE82441C4FA00DF7A40 /* Santé.png */ = {isa = PBXFileReference; lastKnownFileType = image.png; path = "Santé.png"; sourceTree = "<group>"; };
		D8F70CE92441C4FA00DF7A40 /* Sport.png */ = {isa = PBXFileReference; lastKnownFileType = image.png; path = Sport.png; sourceTree = "<group>"; };
		D8F70CEA2441C4FA00DF7A40 /* Famille.png */ = {isa = PBXFileReference; lastKnownFileType = image.png; path = Famille.png; sourceTree = "<group>"; };
		D8F70CEC2441C4FA00DF7A40 /* Courses.png */ = {isa = PBXFileReference; lastKnownFileType = image.png; path = Courses.png; sourceTree = "<group>"; };
/* End PBXFileReference section */

/* Begin PBXFrameworksBuildPhase section */
		D87B1B6B2441BB6F002E95CF /* Frameworks */ = {
			isa = PBXFrameworksBuildPhase;
			buildActionMask = 2147483647;
			files = (
			);
			runOnlyForDeploymentPostprocessing = 0;
		};
/* End PBXFrameworksBuildPhase section */

/* Begin PBXGroup section */
		D87B1B652441BB6F002E95CF = {
			isa = PBXGroup;
			children = (
				D87B1B702441BB6F002E95CF /* Attestation COVID */,
				D87B1B6F2441BB6F002E95CF /* Products */,
			);
			sourceTree = "<group>";
		};
		D87B1B6F2441BB6F002E95CF /* Products */ = {
			isa = PBXGroup;
			children = (
				D87B1B6E2441BB6F002E95CF /* Attestation COVID.app */,
			);
			name = Products;
			sourceTree = "<group>";
		};
		D87B1B702441BB6F002E95CF /* Attestation COVID */ = {
			isa = PBXGroup;
			children = (
				D87B1B712441BB6F002E95CF /* AppDelegate.swift */,
				D87B1B732441BB6F002E95CF /* SceneDelegate.swift */,
				D87B1B752441BB6F002E95CF /* FirstViewController.swift */,
				D87B1B772441BB6F002E95CF /* SecondViewController.swift */,
				D830713E244208B300286FE4 /* ThirdViewController.swift */,
				D830713C2441FA5300286FE4 /* MyTabBarController.swift */,
				D87B1B792441BB6F002E95CF /* Main.storyboard */,
				D87B1B7C2441BB74002E95CF /* Assets.xcassets */,
				D87B1B7E2441BB74002E95CF /* LaunchScreen.storyboard */,
				D87B1B812441BB74002E95CF /* Info.plist */,
				D8F70CF22441C50200DF7A40 /* Ressources */,
			);
			path = "Attestation COVID";
			sourceTree = "<group>";
		};
		D8F70CF22441C50200DF7A40 /* Ressources */ = {
			isa = PBXGroup;
			children = (
				D8486D97245493FD007F6C87 /* Attestation.pdf */,
				D8F70CEC2441C4FA00DF7A40 /* Courses.png */,
				D8F70CEA2441C4FA00DF7A40 /* Famille.png */,
				D854D55C24421A2100C25CBF /* Mission.png */,
				D8F70CE82441C4FA00DF7A40 /* Santé.png */,
				D854D55A2442195C00C25CBF /* Judiciaire.png */,
				D8F70CE92441C4FA00DF7A40 /* Sport.png */,
				D854D5582442174200C25CBF /* Travail.png */,
			);
			path = Ressources;
			sourceTree = "<group>";
		};
/* End PBXGroup section */

/* Begin PBXNativeTarget section */
		D87B1B6D2441BB6F002E95CF /* Attestation COVID */ = {
			isa = PBXNativeTarget;
			buildConfigurationList = D87B1B842441BB74002E95CF /* Build configuration list for PBXNativeTarget "Attestation COVID" */;
			buildPhases = (
				D87B1B6A2441BB6F002E95CF /* Sources */,
				D87B1B6B2441BB6F002E95CF /* Frameworks */,
				D87B1B6C2441BB6F002E95CF /* Resources */,
			);
			buildRules = (
			);
			dependencies = (
			);
			name = "Attestation COVID";
			productName = "Attestation COVID";
			productReference = D87B1B6E2441BB6F002E95CF /* Attestation COVID.app */;
			productType = "com.apple.product-type.application";
		};
/* End PBXNativeTarget section */

/* Begin PBXProject section */
		D87B1B662441BB6F002E95CF /* Project object */ = {
			isa = PBXProject;
			attributes = {
				LastSwiftUpdateCheck = 1140;
				LastUpgradeCheck = 1140;
				ORGANIZATIONNAME = "Hervé Kasparian";
				TargetAttributes = {
					D87B1B6D2441BB6F002E95CF = {
						CreatedOnToolsVersion = 11.4;
					};
				};
			};
			buildConfigurationList = D87B1B692441BB6F002E95CF /* Build configuration list for PBXProject "Attestation COVID" */;
			compatibilityVersion = "Xcode 9.3";
			developmentRegion = fr;
			hasScannedForEncodings = 0;
			knownRegions = (
				fr,
				Base,
			);
			mainGroup = D87B1B652441BB6F002E95CF;
			productRefGroup = D87B1B6F2441BB6F002E95CF /* Products */;
			projectDirPath = "";
			projectRoot = "";
			targets = (
				D87B1B6D2441BB6F002E95CF /* Attestation COVID */,
			);
		};
/* End PBXProject section */

/* Begin PBXResourcesBuildPhase section */
		D87B1B6C2441BB6F002E95CF /* Resources */ = {
			isa = PBXResourcesBuildPhase;
			buildActionMask = 2147483647;
			files = (
				D87B1B802441BB74002E95CF /* LaunchScreen.storyboard in Resources */,
				D87B1B7D2441BB74002E95CF /* Assets.xcassets in Resources */,
				D8F70CEE2441C4FA00DF7A40 /* Sport.png in Resources */,
				D87B1B7B2441BB6F002E95CF /* Main.storyboard in Resources */,
				D8486D98245493FD007F6C87 /* Attestation.pdf in Resources */,
				D854D55B2442195C00C25CBF /* Judiciaire.png in Resources */,
				D8F70CF12441C4FA00DF7A40 /* Courses.png in Resources */,
				D8F70CED2441C4FA00DF7A40 /* Santé.png in Resources */,
				D854D5592442174200C25CBF /* Travail.png in Resources */,
				D854D55D24421A2100C25CBF /* Mission.png in Resources */,
				D8F70CEF2441C4FA00DF7A40 /* Famille.png in Resources */,
			);
			runOnlyForDeploymentPostprocessing = 0;
		};
/* End PBXResourcesBuildPhase section */

/* Begin PBXSourcesBuildPhase section */
		D87B1B6A2441BB6F002E95CF /* Sources */ = {
			isa = PBXSourcesBuildPhase;
			buildActionMask = 2147483647;
			files = (
				D87B1B782441BB6F002E95CF /* SecondViewController.swift in Sources */,
				D87B1B762441BB6F002E95CF /* FirstViewController.swift in Sources */,
				D87B1B722441BB6F002E95CF /* AppDelegate.swift in Sources */,
				D87B1B742441BB6F002E95CF /* SceneDelegate.swift in Sources */,
				D830713F244208B300286FE4 /* ThirdViewController.swift in Sources */,
				D830713D2441FA5300286FE4 /* MyTabBarController.swift in Sources */,
			);
			runOnlyForDeploymentPostprocessing = 0;
		};
/* End PBXSourcesBuildPhase section */

/* Begin PBXVariantGroup section */
		D87B1B792441BB6F002E95CF /* Main.storyboard */ = {
			isa = PBXVariantGroup;
			children = (
				D87B1B7A2441BB6F002E95CF /* Base */,
			);
			name = Main.storyboard;
			sourceTree = "<group>";
		};
		D87B1B7E2441BB74002E95CF /* LaunchScreen.storyboard */ = {
			isa = PBXVariantGroup;
			children = (
				D87B1B7F2441BB74002E95CF /* Base */,
			);
			name = LaunchScreen.storyboard;
			sourceTree = "<group>";
		};
/* End PBXVariantGroup section */

/* Begin XCBuildConfiguration section */
		D87B1B822441BB74002E95CF /* Debug */ = {
			isa = XCBuildConfiguration;
			buildSettings = {
				ALWAYS_SEARCH_USER_PATHS = NO;
				CLANG_ANALYZER_NONNULL = YES;
				CLANG_ANALYZER_NUMBER_OBJECT_CONVERSION = YES_AGGRESSIVE;
				CLANG_CXX_LANGUAGE_STANDARD = "gnu++14";
				CLANG_CXX_LIBRARY = "libc++";
				CLANG_ENABLE_MODULES = YES;
				CLANG_ENABLE_OBJC_ARC = YES;
				CLANG_ENABLE_OBJC_WEAK = YES;
				CLANG_WARN_BLOCK_CAPTURE_AUTORELEASING = YES;
				CLANG_WARN_BOOL_CONVERSION = YES;
				CLANG_WARN_COMMA = YES;
				CLANG_WARN_CONSTANT_CONVERSION = YES;
				CLANG_WARN_DEPRECATED_OBJC_IMPLEMENTATIONS = YES;
				CLANG_WARN_DIRECT_OBJC_ISA_USAGE = YES_ERROR;
				CLANG_WARN_DOCUMENTATION_COMMENTS = YES;
				CLANG_WARN_EMPTY_BODY = YES;
				CLANG_WARN_ENUM_CONVERSION = YES;
				CLANG_WARN_INFINITE_RECURSION = YES;
				CLANG_WARN_INT_CONVERSION = YES;
				CLANG_WARN_NON_LITERAL_NULL_CONVERSION = YES;
				CLANG_WARN_OBJC_IMPLICIT_RETAIN_SELF = YES;
				CLANG_WARN_OBJC_LITERAL_CONVERSION = YES;
				CLANG_WARN_OBJC_ROOT_CLASS = YES_ERROR;
				CLANG_WARN_RANGE_LOOP_ANALYSIS = YES;
				CLANG_WARN_STRICT_PROTOTYPES = YES;
				CLANG_WARN_SUSPICIOUS_MOVE = YES;
				CLANG_WARN_UNGUARDED_AVAILABILITY = YES_AGGRESSIVE;
				CLANG_WARN_UNREACHABLE_CODE = YES;
				CLANG_WARN__DUPLICATE_METHOD_MATCH = YES;
				COPY_PHASE_STRIP = NO;
				DEBUG_INFORMATION_FORMAT = dwarf;
				ENABLE_STRICT_OBJC_MSGSEND = YES;
				ENABLE_TESTABILITY = YES;
				GCC_C_LANGUAGE_STANDARD = gnu11;
				GCC_DYNAMIC_NO_PIC = NO;
				GCC_NO_COMMON_BLOCKS = YES;
				GCC_OPTIMIZATION_LEVEL = 0;
				GCC_PREPROCESSOR_DEFINITIONS = (
					"DEBUG=1",
					"$(inherited)",
				);
				GCC_WARN_64_TO_32_BIT_CONVERSION = YES;
				GCC_WARN_ABOUT_RETURN_TYPE = YES_ERROR;
				GCC_WARN_UNDECLARED_SELECTOR = YES;
				GCC_WARN_UNINITIALIZED_AUTOS = YES_AGGRESSIVE;
				GCC_WARN_UNUSED_FUNCTION = YES;
				GCC_WARN_UNUSED_VARIABLE = YES;
				IPHONEOS_DEPLOYMENT_TARGET = 10.2;
				MTL_ENABLE_DEBUG_INFO = INCLUDE_SOURCE;
				MTL_FAST_MATH = YES;
				ONLY_ACTIVE_ARCH = YES;
				SDKROOT = iphoneos;
				SWIFT_ACTIVE_COMPILATION_CONDITIONS = DEBUG;
				SWIFT_OPTIMIZATION_LEVEL = "-Onone";
			};
			name = Debug;
		};
		D87B1B832441BB74002E95CF /* Release */ = {
			isa = XCBuildConfiguration;
			buildSettings = {
				ALWAYS_SEARCH_USER_PATHS = NO;
				CLANG_ANALYZER_NONNULL = YES;
				CLANG_ANALYZER_NUMBER_OBJECT_CONVERSION = YES_AGGRESSIVE;
				CLANG_CXX_LANGUAGE_STANDARD = "gnu++14";
				CLANG_CXX_LIBRARY = "libc++";
				CLANG_ENABLE_MODULES = YES;
				CLANG_ENABLE_OBJC_ARC = YES;
				CLANG_ENABLE_OBJC_WEAK = YES;
				CLANG_WARN_BLOCK_CAPTURE_AUTORELEASING = YES;
				CLANG_WARN_BOOL_CONVERSION = YES;
				CLANG_WARN_COMMA = YES;
				CLANG_WARN_CONSTANT_CONVERSION = YES;
				CLANG_WARN_DEPRECATED_OBJC_IMPLEMENTATIONS = YES;
				CLANG_WARN_DIRECT_OBJC_ISA_USAGE = YES_ERROR;
				CLANG_WARN_DOCUMENTATION_COMMENTS = YES;
				CLANG_WARN_EMPTY_BODY = YES;
				CLANG_WARN_ENUM_CONVERSION = YES;
				CLANG_WARN_INFINITE_RECURSION = YES;
				CLANG_WARN_INT_CONVERSION = YES;
				CLANG_WARN_NON_LITERAL_NULL_CONVERSION = YES;
				CLANG_WARN_OBJC_IMPLICIT_RETAIN_SELF = YES;
				CLANG_WARN_OBJC_LITERAL_CONVERSION = YES;
				CLANG_WARN_OBJC_ROOT_CLASS = YES_ERROR;
				CLANG_WARN_RANGE_LOOP_ANALYSIS = YES;
				CLANG_WARN_STRICT_PROTOTYPES = YES;
				CLANG_WARN_SUSPICIOUS_MOVE = YES;
				CLANG_WARN_UNGUARDED_AVAILABILITY = YES_AGGRESSIVE;
				CLANG_WARN_UNREACHABLE_CODE = YES;
				CLANG_WARN__DUPLICATE_METHOD_MATCH = YES;
				COPY_PHASE_STRIP = NO;
				DEBUG_INFORMATION_FORMAT = "dwarf-with-dsym";
				ENABLE_NS_ASSERTIONS = NO;
				ENABLE_STRICT_OBJC_MSGSEND = YES;
				GCC_C_LANGUAGE_STANDARD = gnu11;
				GCC_NO_COMMON_BLOCKS = YES;
				GCC_WARN_64_TO_32_BIT_CONVERSION = YES;
				GCC_WARN_ABOUT_RETURN_TYPE = YES_ERROR;
				GCC_WARN_UNDECLARED_SELECTOR = YES;
				GCC_WARN_UNINITIALIZED_AUTOS = YES_AGGRESSIVE;
				GCC_WARN_UNUSED_FUNCTION = YES;
				GCC_WARN_UNUSED_VARIABLE = YES;
				IPHONEOS_DEPLOYMENT_TARGET = 10.2;
				MTL_ENABLE_DEBUG_INFO = NO;
				MTL_FAST_MATH = YES;
				SDKROOT = iphoneos;
				SWIFT_COMPILATION_MODE = wholemodule;
				SWIFT_OPTIMIZATION_LEVEL = "-O";
				VALIDATE_PRODUCT = YES;
			};
			name = Release;
		};
		D87B1B852441BB74002E95CF /* Debug */ = {
			isa = XCBuildConfiguration;
			buildSettings = {
				ASSETCATALOG_COMPILER_APPICON_NAME = AppIcon;
				CODE_SIGN_STYLE = Automatic;
				CURRENT_PROJECT_VERSION = 1.0.10;
				DEVELOPMENT_TEAM = VV4JR8M286;
				INFOPLIST_FILE = "Attestation COVID/Info.plist";
				IPHONEOS_DEPLOYMENT_TARGET = 10.2;
				LD_RUNPATH_SEARCH_PATHS = (
					"$(inherited)",
					"@executable_path/Frameworks",
				);
				PRODUCT_BUNDLE_IDENTIFIER = "Herve-Kasparian.Attestation-COVID";
				PRODUCT_NAME = "$(TARGET_NAME)";
				SWIFT_VERSION = 5.0;
				TARGETED_DEVICE_FAMILY = 1;
			};
			name = Debug;
		};
		D87B1B862441BB74002E95CF /* Release */ = {
			isa = XCBuildConfiguration;
			buildSettings = {
				ASSETCATALOG_COMPILER_APPICON_NAME = AppIcon;
				CODE_SIGN_STYLE = Automatic;
				CURRENT_PROJECT_VERSION = 1.0.10;
				DEVELOPMENT_TEAM = VV4JR8M286;
				INFOPLIST_FILE = "Attestation COVID/Info.plist";
				IPHONEOS_DEPLOYMENT_TARGET = 10.2;
				LD_RUNPATH_SEARCH_PATHS = (
					"$(inherited)",
					"@executable_path/Frameworks",
				);
				PRODUCT_BUNDLE_IDENTIFIER = "Herve-Kasparian.Attestation-COVID";
				PRODUCT_NAME = "$(TARGET_NAME)";
				SWIFT_VERSION = 5.0;
				TARGETED_DEVICE_FAMILY = 1;
			};
			name = Release;
		};
/* End XCBuildConfiguration section */

/* Begin XCConfigurationList section */
		D87B1B692441BB6F002E95CF /* Build configuration list for PBXProject "Attestation COVID" */ = {
			isa = XCConfigurationList;
			buildConfigurations = (
				D87B1B822441BB74002E95CF /* Debug */,
				D87B1B832441BB74002E95CF /* Release */,
			);
			defaultConfigurationIsVisible = 0;
			defaultConfigurationName = Release;
		};
		D87B1B842441BB74002E95CF /* Build configuration list for PBXNativeTarget "Attestation COVID" */ = {
			isa = XCConfigurationList;
			buildConfigurations = (
				D87B1B852441BB74002E95CF /* Debug */,
				D87B1B862441BB74002E95CF /* Release */,
			);
			defaultConfigurationIsVisible = 0;
			defaultConfigurationName = Release;
		};
/* End XCConfigurationList section */
	};
	rootObject = D87B1B662441BB6F002E95CF /* Project object */;
}
